
Microsoft Visual Studio Solution File, Format Version 12.00
# Visual Studio 15
VisualStudioVersion = 15.0.27130.2020
MinimumVisualStudioVersion = 10.0.40219.1
Project("{8BC9CEB8-8B4A-11D0-8D11-00A0C91BC942}") = "Ex9-medianFilter", "Ex9-medianFilter\Ex9-medianFilter.vcxproj", "{3ACE3C07-6450-4F50-9A8F-0CD6EA93B7B9}"
EndProject
Global
	GlobalSection(SolutionConfigurationPlatforms) = preSolution
		Debug|x64 = Debug|x64
		Debug|x86 = Debug|x86
		Release|x64 = Release|x64
		Release|x86 = Release|x86
	EndGlobalSection
	GlobalSection(ProjectConfigurationPlatforms) = postSolution
		{3ACE3C07-6450-4F50-9A8F-0CD6EA93B7B9}.Debug|x64.ActiveCfg = Debug|x64
		{3ACE3C07-6450-4F50-9A8F-0CD6EA93B7B9}.Debug|x64.Build.0 = Debug|x64
		{3ACE3C07-6450-4F50-9A8F-0CD6EA93B7B9}.Debug|x86.ActiveCfg = Debug|Win32
		{3ACE3C07-6450-4F50-9A8F-0CD6EA93B7B9}.Debug|x86.Build.0 = Debug|Win32
		{3ACE3C07-6450-4F50-9A8F-0CD6EA93B7B9}.Release|x64.ActiveCfg = Release|x64
		{3ACE3C07-6450-4F50-9A8F-0CD6EA93B7B9}.Release|x64.Build.0 = Release|x64
		{3ACE3C07-6450-4F50-9A8F-0CD6EA93B7B9}.Release|x86.ActiveCfg = Release|Win32
		{3ACE3C07-6450-4F50-9A8F-0CD6EA93B7B9}.Release|x86.Build.0 = Release|Win32
	EndGlobalSection
	GlobalSection(SolutionProperties) = preSolution
		HideSolutionNode = FALSE
	EndGlobalSection
	GlobalSection(ExtensibilityGlobals) = postSolution
		SolutionGuid = {E45AAA72-8D7A-4883-940F-D5355E52B6B9}
	EndGlobalSection
EndGlobal
